
Microsoft Visual Studio Solution File, Format Version 12.00
# Visual Studio Version 17
VisualStudioVersion = 17.9.34723.18
MinimumVisualStudioVersion = 10.0.40219.1
Project("{888888A0-9F3D-457C-B088-3A5042F75D52}") = "ImageFileExtensionChanger", "ImageFileExtensionChanger.pyproj", "{C44D7FED-03F6-44FE-A208-8885B558CAB5}"
EndProject
Global
	GlobalSection(SolutionConfigurationPlatforms) = preSolution
		Debug|Any CPU = Debug|Any CPU
		Release|Any CPU = Release|Any CPU
	EndGlobalSection
	GlobalSection(ProjectConfigurationPlatforms) = postSolution
		{C44D7FED-03F6-44FE-A208-8885B558CAB5}.Debug|Any CPU.ActiveCfg = Debug|Any CPU
		{C44D7FED-03F6-44FE-A208-8885B558CAB5}.Release|Any CPU.ActiveCfg = Release|Any CPU
	EndGlobalSection
	GlobalSection(SolutionProperties) = preSolution
		HideSolutionNode = FALSE
	EndGlobalSection
	GlobalSection(ExtensibilityGlobals) = postSolution
		SolutionGuid = {BBD3F58D-BFB1-4A31-9727-F89CCA34228E}
	EndGlobalSection
EndGlobal
